{
  "version": 4,
  "terraform_version": "1.3.3",
  "serial": 600,
  "lineage": "cccac624-cc71-c8e6-4645-f08e66250bcd",
  "outputs": {},
  "resources": [
    {
      "mode": "data",
      "type": "google_iam_policy",
      "name": "noauth",
      "provider": "provider[\"registry.terraform.io/hashicorp/google\"]",
      "instances": [
        {
          "schema_version": 0,
          "attributes": {
            "audit_config": null,
            "binding": [
              {
                "condition": [],
                "members": [
                  "allUsers"
                ],
                "role": "roles/run.invoker"
              }
            ],
            "id": "3450855414",
            "policy_data": "{\"bindings\":[{\"members\":[\"allUsers\"],\"role\":\"roles/run.invoker\"}]}"
          },
          "sensitive_attributes": []
        }
      ]
    },
    {
      "mode": "managed",
      "type": "google_cloud_run_service",
      "name": "mlflow",
      "provider": "provider[\"registry.terraform.io/hashicorp/google\"]",
      "instances": [
        {
          "status": "tainted",
          "schema_version": 1,
          "attributes": {
            "autogenerate_revision_name": false,
            "id": "locations/us-central1/namespaces/delta-spark-385615/services/mlapp",
            "location": "us-central1",
            "metadata": [
              {
                "annotations": {
                  "run.googleapis.com/ingress": "all",
                  "run.googleapis.com/ingress-status": "all",
                  "run.googleapis.com/operation-id": "dfe9ba5e-a29a-4d0c-ae7d-543e9b31bd4c",
                  "serving.knative.dev/creator": "terraform@delta-spark-385615.iam.gserviceaccount.com",
                  "serving.knative.dev/lastModifier": "terraform@delta-spark-385615.iam.gserviceaccount.com"
                },
                "generation": 1,
                "labels": {
                  "cloud.googleapis.com/location": "us-central1"
                },
                "namespace": "delta-spark-385615",
                "resource_version": "AAYBlnwK7aU",
                "self_link": "/apis/serving.knative.dev/v1/namespaces/327325186956/services/mlapp",
                "uid": "d431f08e-3ed5-4af4-9a51-bdf9b0233143"
              }
            ],
            "name": "mlapp",
            "project": "delta-spark-385615",
            "status": [
              {
                "conditions": [
                  {
                    "message": "Revision 'mlapp-00001-qhq' is not ready and cannot serve traffic. The user-provided container failed to start and listen on the port defined provided by the PORT=8080 environment variable. Logs for this revision might contain more information.\n\nLogs URL: https://console.cloud.google.com/logs/viewer?project=delta-spark-385615\u0026resource=cloud_run_revision/service_name/mlapp/revision_name/mlapp-00001-qhq\u0026advancedFilter=resource.type%3D%22cloud_run_revision%22%0Aresource.labels.service_name%3D%22mlapp%22%0Aresource.labels.revision_name%3D%22mlapp-00001-qhq%22 \nFor more troubleshooting guidance, see https://cloud.google.com/run/docs/troubleshooting#container-failed-to-start",
                    "reason": "HealthCheckContainerError",
                    "status": "False",
                    "type": "Ready"
                  },
                  {
                    "message": "",
                    "reason": "",
                    "status": "True",
                    "type": "ConfigurationsReady"
                  },
                  {
                    "message": "Revision 'mlapp-00001-qhq' is not ready and cannot serve traffic. The user-provided container failed to start and listen on the port defined provided by the PORT=8080 environment variable. Logs for this revision might contain more information.\n\nLogs URL: https://console.cloud.google.com/logs/viewer?project=delta-spark-385615\u0026resource=cloud_run_revision/service_name/mlapp/revision_name/mlapp-00001-qhq\u0026advancedFilter=resource.type%3D%22cloud_run_revision%22%0Aresource.labels.service_name%3D%22mlapp%22%0Aresource.labels.revision_name%3D%22mlapp-00001-qhq%22 \nFor more troubleshooting guidance, see https://cloud.google.com/run/docs/troubleshooting#container-failed-to-start",
                    "reason": "HealthCheckContainerError",
                    "status": "False",
                    "type": "RoutesReady"
                  }
                ],
                "latest_created_revision_name": "mlapp-00001-qhq",
                "latest_ready_revision_name": "",
                "observed_generation": 1,
                "url": ""
              }
            ],
            "template": [
              {
                "metadata": [
                  {
                    "annotations": {
                      "autoscaling.knative.dev/maxScale": "5",
                      "run.googleapis.com/client-name": "terraform",
                      "run.googleapis.com/cloudsql-instances": "delta-spark-385615:us-central1:pepoabdome"
                    },
                    "generation": 0,
                    "labels": {
                      "run.googleapis.com/startupProbeType": "Default"
                    },
                    "name": "",
                    "namespace": "",
                    "resource_version": "",
                    "self_link": "",
                    "uid": ""
                  }
                ],
                "spec": [
                  {
                    "container_concurrency": 80,
                    "containers": [
                      {
                        "args": [],
                        "command": [],
                        "env": [
                          {
                            "name": "GCP_PROJECT",
                            "value": "delta-spark-385615",
                            "value_from": []
                          }
                        ],
                        "env_from": [],
                        "image": "gcr.io/delta-spark-385615/mlflowabdo",
                        "liveness_probe": [],
                        "name": "",
                        "ports": [
                          {
                            "container_port": 8080,
                            "name": "http1",
                            "protocol": ""
                          }
                        ],
                        "resources": [
                          {
                            "limits": {
                              "cpu": "1000m",
                              "memory": "512Mi"
                            },
                            "requests": {}
                          }
                        ],
                        "startup_probe": [
                          {
                            "failure_threshold": 1,
                            "grpc": [],
                            "http_get": [],
                            "initial_delay_seconds": 0,
                            "period_seconds": 240,
                            "tcp_socket": [
                              {
                                "port": 8080
                              }
                            ],
                            "timeout_seconds": 240
                          }
                        ],
                        "volume_mounts": [],
                        "working_dir": ""
                      }
                    ],
                    "service_account_name": "terraform@delta-spark-385615.iam.gserviceaccount.com",
                    "serving_state": "",
                    "timeout_seconds": 300,
                    "volumes": []
                  }
                ]
              }
            ],
            "timeouts": null,
            "traffic": [
              {
                "latest_revision": true,
                "percent": 100,
                "revision_name": "",
                "tag": "",
                "url": ""
              }
            ]
          },
          "sensitive_attributes": [],
          "private": "eyJlMmJmYjczMC1lY2FhLTExZTYtOGY4OC0zNDM2M2JjN2M0YzAiOnsiY3JlYXRlIjoxMjAwMDAwMDAwMDAwLCJkZWxldGUiOjEyMDAwMDAwMDAwMDAsInVwZGF0ZSI6MTIwMDAwMDAwMDAwMH0sInNjaGVtYV92ZXJzaW9uIjoiMSJ9",
          "dependencies": [
            "google_sql_database_instance.main"
          ]
        }
      ]
    },
    {
      "mode": "managed",
      "type": "google_secret_manager_secret",
      "name": "mlflow_artifact_url",
      "provider": "provider[\"registry.terraform.io/hashicorp/google\"]",
      "instances": [
        {
          "schema_version": 0,
          "attributes": {
            "create_time": "2023-07-29T01:46:49.874173Z",
            "expire_time": "",
            "id": "projects/delta-spark-385615/secrets/mlflow_artifact_url",
            "labels": {
              "label": "mlflow_artifact_url"
            },
            "name": "projects/327325186956/secrets/mlflow_artifact_url",
            "project": "delta-spark-385615",
            "replication": [
              {
                "automatic": false,
                "user_managed": [
                  {
                    "replicas": [
                      {
                        "customer_managed_encryption": [],
                        "location": "us-central1"
                      }
                    ]
                  }
                ]
              }
            ],
            "rotation": [],
            "secret_id": "mlflow_artifact_url",
            "timeouts": null,
            "topics": [],
            "ttl": null
          },
          "sensitive_attributes": [],
          "private": "eyJlMmJmYjczMC1lY2FhLTExZTYtOGY4OC0zNDM2M2JjN2M0YzAiOnsiY3JlYXRlIjoxMjAwMDAwMDAwMDAwLCJkZWxldGUiOjEyMDAwMDAwMDAwMDAsInVwZGF0ZSI6MTIwMDAwMDAwMDAwMH19"
        }
      ]
    },
    {
      "mode": "managed",
      "type": "google_secret_manager_secret",
      "name": "mlflow_database_url",
      "provider": "provider[\"registry.terraform.io/hashicorp/google\"]",
      "instances": [
        {
          "schema_version": 0,
          "attributes": {
            "create_time": "2023-07-29T01:46:49.521655Z",
            "expire_time": "",
            "id": "projects/delta-spark-385615/secrets/mlflow_database_url",
            "labels": {
              "label": "mlflow_database_url"
            },
            "name": "projects/327325186956/secrets/mlflow_database_url",
            "project": "delta-spark-385615",
            "replication": [
              {
                "automatic": false,
                "user_managed": [
                  {
                    "replicas": [
                      {
                        "customer_managed_encryption": [],
                        "location": "us-central1"
                      }
                    ]
                  }
                ]
              }
            ],
            "rotation": [],
            "secret_id": "mlflow_database_url",
            "timeouts": null,
            "topics": [],
            "ttl": null
          },
          "sensitive_attributes": [],
          "private": "eyJlMmJmYjczMC1lY2FhLTExZTYtOGY4OC0zNDM2M2JjN2M0YzAiOnsiY3JlYXRlIjoxMjAwMDAwMDAwMDAwLCJkZWxldGUiOjEyMDAwMDAwMDAwMDAsInVwZGF0ZSI6MTIwMDAwMDAwMDAwMH19"
        }
      ]
    },
    {
      "mode": "managed",
      "type": "google_secret_manager_secret",
      "name": "mlflow_tracking_password",
      "provider": "provider[\"registry.terraform.io/hashicorp/google\"]",
      "instances": [
        {
          "schema_version": 0,
          "attributes": {
            "create_time": "2023-07-29T01:46:49.387164Z",
            "expire_time": "",
            "id": "projects/delta-spark-385615/secrets/mlflow_tracking_password",
            "labels": {
              "label": "mlflow_tracking_password"
            },
            "name": "projects/327325186956/secrets/mlflow_tracking_password",
            "project": "delta-spark-385615",
            "replication": [
              {
                "automatic": false,
                "user_managed": [
                  {
                    "replicas": [
                      {
                        "customer_managed_encryption": [],
                        "location": "us-central1"
                      }
                    ]
                  }
                ]
              }
            ],
            "rotation": [],
            "secret_id": "mlflow_tracking_password",
            "timeouts": null,
            "topics": [],
            "ttl": null
          },
          "sensitive_attributes": [],
          "private": "eyJlMmJmYjczMC1lY2FhLTExZTYtOGY4OC0zNDM2M2JjN2M0YzAiOnsiY3JlYXRlIjoxMjAwMDAwMDAwMDAwLCJkZWxldGUiOjEyMDAwMDAwMDAwMDAsInVwZGF0ZSI6MTIwMDAwMDAwMDAwMH19"
        }
      ]
    },
    {
      "mode": "managed",
      "type": "google_secret_manager_secret",
      "name": "mlflow_tracking_username",
      "provider": "provider[\"registry.terraform.io/hashicorp/google\"]",
      "instances": [
        {
          "schema_version": 0,
          "attributes": {
            "create_time": "2023-07-29T01:46:49.862968Z",
            "expire_time": "",
            "id": "projects/delta-spark-385615/secrets/mlflow_tracking_username",
            "labels": {
              "label": "mlflow_tracking_username"
            },
            "name": "projects/327325186956/secrets/mlflow_tracking_username",
            "project": "delta-spark-385615",
            "replication": [
              {
                "automatic": false,
                "user_managed": [
                  {
                    "replicas": [
                      {
                        "customer_managed_encryption": [],
                        "location": "us-central1"
                      }
                    ]
                  }
                ]
              }
            ],
            "rotation": [],
            "secret_id": "mlflow_tracking_username",
            "timeouts": null,
            "topics": [],
            "ttl": null
          },
          "sensitive_attributes": [],
          "private": "eyJlMmJmYjczMC1lY2FhLTExZTYtOGY4OC0zNDM2M2JjN2M0YzAiOnsiY3JlYXRlIjoxMjAwMDAwMDAwMDAwLCJkZWxldGUiOjEyMDAwMDAwMDAwMDAsInVwZGF0ZSI6MTIwMDAwMDAwMDAwMH19"
        }
      ]
    },
    {
      "mode": "managed",
      "type": "google_secret_manager_secret_version",
      "name": "mlflow_artifact_url",
      "provider": "provider[\"registry.terraform.io/hashicorp/google\"]",
      "instances": [
        {
          "schema_version": 0,
          "attributes": {
            "create_time": "2023-07-29T01:46:51.388355Z",
            "destroy_time": "",
            "enabled": true,
            "id": "projects/327325186956/secrets/mlflow_artifact_url/versions/1",
            "name": "projects/327325186956/secrets/mlflow_artifact_url/versions/1",
            "secret": "projects/delta-spark-385615/secrets/mlflow_artifact_url",
            "secret_data": "gs://mlflow_bucket_abdo_yousef",
            "timeouts": null,
            "version": "1"
          },
          "sensitive_attributes": [],
          "private": "eyJlMmJmYjczMC1lY2FhLTExZTYtOGY4OC0zNDM2M2JjN2M0YzAiOnsiY3JlYXRlIjoxMjAwMDAwMDAwMDAwLCJkZWxldGUiOjEyMDAwMDAwMDAwMDB9fQ==",
          "dependencies": [
            "google_secret_manager_secret.mlflow_artifact_url",
            "google_storage_bucket.bucket"
          ]
        }
      ]
    },
    {
      "mode": "managed",
      "type": "google_secret_manager_secret_version",
      "name": "mlflow_database_url",
      "provider": "provider[\"registry.terraform.io/hashicorp/google\"]",
      "instances": [
        {
          "schema_version": 0,
          "attributes": {
            "create_time": "2023-07-29T01:46:50.446264Z",
            "destroy_time": "",
            "enabled": true,
            "id": "projects/327325186956/secrets/mlflow_database_url/versions/1",
            "name": "projects/327325186956/secrets/mlflow_database_url/versions/1",
            "secret": "projects/delta-spark-385615/secrets/mlflow_database_url",
            "secret_data": "postgresql+psycopg2://pepo:pepo@/mlflow_db_abdo?host=/cloudsql/delta-spark-385615:us-central1:pepoabdome",
            "timeouts": null,
            "version": "1"
          },
          "sensitive_attributes": [],
          "private": "eyJlMmJmYjczMC1lY2FhLTExZTYtOGY4OC0zNDM2M2JjN2M0YzAiOnsiY3JlYXRlIjoxMjAwMDAwMDAwMDAwLCJkZWxldGUiOjEyMDAwMDAwMDAwMDB9fQ==",
          "dependencies": [
            "google_secret_manager_secret.mlflow_database_url"
          ]
        }
      ]
    },
    {
      "mode": "managed",
      "type": "google_secret_manager_secret_version",
      "name": "mlflow_tracking_password",
      "provider": "provider[\"registry.terraform.io/hashicorp/google\"]",
      "instances": [
        {
          "schema_version": 0,
          "attributes": {
            "create_time": "2023-07-29T01:46:50.827176Z",
            "destroy_time": "",
            "enabled": true,
            "id": "projects/327325186956/secrets/mlflow_tracking_password/versions/1",
            "name": "projects/327325186956/secrets/mlflow_tracking_password/versions/1",
            "secret": "projects/delta-spark-385615/secrets/mlflow_tracking_password",
            "secret_data": "pepo",
            "timeouts": null,
            "version": "1"
          },
          "sensitive_attributes": [],
          "private": "eyJlMmJmYjczMC1lY2FhLTExZTYtOGY4OC0zNDM2M2JjN2M0YzAiOnsiY3JlYXRlIjoxMjAwMDAwMDAwMDAwLCJkZWxldGUiOjEyMDAwMDAwMDAwMDB9fQ==",
          "dependencies": [
            "google_secret_manager_secret.mlflow_tracking_password"
          ]
        }
      ]
    },
    {
      "mode": "managed",
      "type": "google_secret_manager_secret_version",
      "name": "mlflow_tracking_username",
      "provider": "provider[\"registry.terraform.io/hashicorp/google\"]",
      "instances": [
        {
          "schema_version": 0,
          "attributes": {
            "create_time": "2023-07-29T01:46:51.175353Z",
            "destroy_time": "",
            "enabled": true,
            "id": "projects/327325186956/secrets/mlflow_tracking_username/versions/1",
            "name": "projects/327325186956/secrets/mlflow_tracking_username/versions/1",
            "secret": "projects/delta-spark-385615/secrets/mlflow_tracking_username",
            "secret_data": "pepo",
            "timeouts": null,
            "version": "1"
          },
          "sensitive_attributes": [],
          "private": "eyJlMmJmYjczMC1lY2FhLTExZTYtOGY4OC0zNDM2M2JjN2M0YzAiOnsiY3JlYXRlIjoxMjAwMDAwMDAwMDAwLCJkZWxldGUiOjEyMDAwMDAwMDAwMDB9fQ==",
          "dependencies": [
            "google_secret_manager_secret.mlflow_tracking_username"
          ]
        }
      ]
    },
    {
      "mode": "managed",
      "type": "google_sql_database",
      "name": "database",
      "provider": "provider[\"registry.terraform.io/hashicorp/google\"]",
      "instances": [
        {
          "schema_version": 0,
          "attributes": {
            "charset": "UTF8",
            "collation": "en_US.UTF8",
            "deletion_policy": "DELETE",
            "id": "projects/delta-spark-385615/instances/pepoabdome/databases/mlflow_db_abdo",
            "instance": "pepoabdome",
            "name": "mlflow_db_abdo",
            "project": "delta-spark-385615",
            "self_link": "https://sqladmin.googleapis.com/sql/v1beta4/projects/delta-spark-385615/instances/pepoabdome/databases/mlflow_db_abdo",
            "timeouts": null
          },
          "sensitive_attributes": [],
          "private": "eyJlMmJmYjczMC1lY2FhLTExZTYtOGY4OC0zNDM2M2JjN2M0YzAiOnsiY3JlYXRlIjoxMjAwMDAwMDAwMDAwLCJkZWxldGUiOjEyMDAwMDAwMDAwMDAsInVwZGF0ZSI6MTIwMDAwMDAwMDAwMH19",
          "dependencies": [
            "google_sql_database_instance.main"
          ]
        }
      ]
    },
    {
      "mode": "managed",
      "type": "google_sql_database_instance",
      "name": "main",
      "provider": "provider[\"registry.terraform.io/hashicorp/google\"]",
      "instances": [
        {
          "schema_version": 0,
          "attributes": {
            "available_maintenance_versions": [],
            "clone": [],
            "connection_name": "delta-spark-385615:us-central1:pepoabdome",
            "database_version": "POSTGRES_15",
            "deletion_protection": false,
            "encryption_key_name": null,
            "first_ip_address": "34.134.138.244",
            "id": "pepoabdome",
            "instance_type": "CLOUD_SQL_INSTANCE",
            "ip_address": [
              {
                "ip_address": "34.134.138.244",
                "time_to_retire": "",
                "type": "PRIMARY"
              },
              {
                "ip_address": "130.211.211.33",
                "time_to_retire": "",
                "type": "OUTGOING"
              }
            ],
            "maintenance_version": "POSTGRES_15_2.R20230530.01_08",
            "master_instance_name": "",
            "name": "pepoabdome",
            "private_ip_address": "",
            "project": "delta-spark-385615",
            "public_ip_address": "34.134.138.244",
            "region": "us-central1",
            "replica_configuration": [],
            "restore_backup_context": [],
            "root_password": null,
            "self_link": "https://sqladmin.googleapis.com/sql/v1beta4/projects/delta-spark-385615/instances/pepoabdome",
            "server_ca_cert": [
              {
                "cert": "-----BEGIN CERTIFICATE-----\nMIIDfzCCAmegAwIBAgIBADANBgkqhkiG9w0BAQsFADB3MS0wKwYDVQQuEyRiOTM4\nYmNhYy00MjAzLTQ4MzAtYmE2My03NmM0N2MxOGZhYjAxIzAhBgNVBAMTGkdvb2ds\nZSBDbG91ZCBTUUwgU2VydmVyIENBMRQwEgYDVQQKEwtHb29nbGUsIEluYzELMAkG\nA1UEBhMCVVMwHhcNMjMwNzI5MDE0NjQyWhcNMzMwNzI2MDE0NzQyWjB3MS0wKwYD\nVQQuEyRiOTM4YmNhYy00MjAzLTQ4MzAtYmE2My03NmM0N2MxOGZhYjAxIzAhBgNV\nBAMTGkdvb2dsZSBDbG91ZCBTUUwgU2VydmVyIENBMRQwEgYDVQQKEwtHb29nbGUs\nIEluYzELMAkGA1UEBhMCVVMwggEiMA0GCSqGSIb3DQEBAQUAA4IBDwAwggEKAoIB\nAQCLYnXiPIsQzW+s1WucTWufJ8+mpmt4VwBGEs1qtFooy2oa14nrSJtvw1/TeY/7\nCMVq5ZNKi1J2kpLQZJZ9oBfEyHzTUJNovZhrY13QdnkTPG0B1QQgA1rttbybzpIy\n5lzt5d35HoPzoPOY1rsNENixeCB54GuQRptiTx5sJGbQOTbnQWvpim/ai6xLt/aG\numKz9fhreOPU8BQu/H5642RpVes2qr77Wob17h5FJNuwPA2/e6tpsv/Xw9BZKTWX\n+uyMePajrqwdDKZRR1v5n0PReSRoZ3UC/CKQeERPAqz+IuCD8J2UONgP+iGmwUxX\nZqgVzRtqwuM8wpdo5gcm48mbAgMBAAGjFjAUMBIGA1UdEwEB/wQIMAYBAf8CAQAw\nDQYJKoZIhvcNAQELBQADggEBAB8T9lqtE2wGK1lf6yoO/RSh7dvuffOCBt9K5eeS\nLqtefPgOI0ShgWWvP2P7u/1OWX8HBmMKy2dovIKJRVKXUDICELdB4YJ/IbrIIORV\nXtyy4TdEsfsYSjGfRjKiDslBqoCZV/ibFZsw4U1g4u2kFGupbIGqoXqvtxltBX6J\nfVpj/K/CYWdhimjXEgBdKwYolhmNwCU1oAL5YryztubTUziheg3Xs7BoavgLW5+2\nPodAyI/XhWKsb9YSNNnDbdP8NKZv+dCwhFWNGwA0xgzkUjORbMPLlXKpFI4W2CEK\n8+fE4P+y7aWZ8Khgu6tToDMo0ntBoHdBrKl0SCs+2ZiodDQ=\n-----END CERTIFICATE-----",
                "common_name": "C=US,O=Google\\, Inc,CN=Google Cloud SQL Server CA,dnQualifier=b938bcac-4203-4830-ba63-76c47c18fab0",
                "create_time": "2023-07-29T01:46:42.904Z",
                "expiration_time": "2033-07-26T01:47:42.904Z",
                "sha1_fingerprint": "0f09d867bb9dd4dce692b704e193020533b11aa0"
              }
            ],
            "service_account_email_address": "p327325186956-8cam2u@gcp-sa-cloud-sql.iam.gserviceaccount.com",
            "settings": [
              {
                "activation_policy": "ALWAYS",
                "active_directory_config": [],
                "advanced_machine_features": [],
                "availability_type": "ZONAL",
                "backup_configuration": [
                  {
                    "backup_retention_settings": [
                      {
                        "retained_backups": 7,
                        "retention_unit": "COUNT"
                      }
                    ],
                    "binary_log_enabled": false,
                    "enabled": false,
                    "location": "",
                    "point_in_time_recovery_enabled": false,
                    "start_time": "18:00",
                    "transaction_log_retention_days": 7
                  }
                ],
                "collation": "",
                "connector_enforcement": "NOT_REQUIRED",
                "data_cache_config": [],
                "database_flags": [],
                "deletion_protection_enabled": false,
                "deny_maintenance_period": [],
                "disk_autoresize": true,
                "disk_autoresize_limit": 0,
                "disk_size": 10,
                "disk_type": "PD_SSD",
                "edition": "",
                "insights_config": [],
                "ip_configuration": [
                  {
                    "allocated_ip_range": "",
                    "authorized_networks": [],
                    "enable_private_path_for_google_cloud_services": false,
                    "ipv4_enabled": true,
                    "private_network": "",
                    "require_ssl": false
                  }
                ],
                "location_preference": [
                  {
                    "follow_gae_application": "",
                    "secondary_zone": "",
                    "zone": "us-central1-c"
                  }
                ],
                "maintenance_window": [],
                "password_validation_policy": [],
                "pricing_plan": "PER_USE",
                "sql_server_audit_config": [],
                "tier": "db-f1-micro",
                "time_zone": "",
                "user_labels": {},
                "version": 3
              }
            ],
            "timeouts": null
          },
          "sensitive_attributes": [],
          "private": "eyJlMmJmYjczMC1lY2FhLTExZTYtOGY4OC0zNDM2M2JjN2M0YzAiOnsiY3JlYXRlIjoyNDAwMDAwMDAwMDAwLCJkZWxldGUiOjE4MDAwMDAwMDAwMDAsInVwZGF0ZSI6MTgwMDAwMDAwMDAwMH19"
        }
      ]
    },
    {
      "mode": "managed",
      "type": "google_sql_ssl_cert",
      "name": "client_cert",
      "provider": "provider[\"registry.terraform.io/hashicorp/google\"]",
      "instances": [
        {
          "schema_version": 1,
          "attributes": {
            "cert": "-----BEGIN CERTIFICATE-----\nMIIDejCCAmKgAwIBAgIEejkwRzANBgkqhkiG9w0BAQsFADB8MS0wKwYDVQQuEyQw\nMmIzNDAyYS00YThkLTQ1ZGQtYjc5ZS1mMjY0YTI5YzliMDgxKDAmBgNVBAMTH0dv\nb2dsZSBDbG91ZCBTUUwgQ2xpZW50IENBIHBlcG8xFDASBgNVBAoTC0dvb2dsZSwg\nSW5jMQswCQYDVQQGEwJVUzAeFw0yMzA3MjkwMTUwMDlaFw0zMzA3MjYwMTUxMDla\nMDIxDTALBgNVBAMTBHBlcG8xFDASBgNVBAoTC0dvb2dsZSwgSW5jMQswCQYDVQQG\nEwJVUzCCASIwDQYJKoZIhvcNAQEBBQADggEPADCCAQoCggEBAJrmIzbxgPcRXUBO\nYU7A/i+dqRyyqmudEwf9jHBYOi9FO4uNQVf5J+zcVAq5lPF5ZguCBWBEVXNdVEGe\nWfZ3Vc1G+OfMMjsjkKW8fk3I4Xu0sxKPOUcLfViDBrKl0AnBrZlS8LUQwnhvPW/4\n/6HQzE1/fSbujnTqLvvxvvxExDYfVpD/XCtchCJ8KDkkyEobuCo5vkAuh9g5HJxP\nGaY3ng1muLW3lDapFCXf7P0TP4EZTazwvxVNpSoOrQRsBaiV6HXGN25aXIG2FxzM\nrcv+V3IQRHuhq2jYyv9yiljdgHYzWdd3HeRNA0AVTZdGtxNf1qEUwfMjaEHL4Zg3\n0eReF7UCAwEAAaNOMEwwCQYDVR0TBAIwADA/BgNVHREEODA2gTR0ZXJyYWZvcm1A\nZGVsdGEtc3BhcmstMzg1NjE1LmlhbS5nc2VydmljZWFjY291bnQuY29tMA0GCSqG\nSIb3DQEBCwUAA4IBAQALLNE5J5N/zgPD7qQmorEBNq90v1L4vbYHSOl7AnWsKDTs\nhLoR8qr/HrRflbCNMmOiP1igQ32BZ0wGkJQOXNUglhNdvzJ0W73I2vX9jnqSvoXs\nCHfNa8Qi1OicFwLMFVeRp2TyBxmHTpZJAhaUUjrBBG+IjW9TZXXQcGvpPDtdiCYp\n1eh22iyFl32bT43pTI+4cTR/XYpRi56VXY9ydEtQu4pgYJ56NJJDcQtdLpPfqL7V\ngeBrrKCk5MuRSV289mKrqQINad1ZQvRDApgVoYq7bMQ41+EKBZ3MsPn/zuFR2W/X\nbawhCX3KmmWvda9KBUiSQnEIfSyNr74QNGKdRlK2\n-----END CERTIFICATE-----",
            "cert_serial_number": "2050568263",
            "common_name": "pepo",
            "create_time": "2023-07-29T01:50:09.414Z",
            "expiration_time": "2033-07-26T01:51:09.414Z",
            "id": "projects/delta-spark-385615/instances/pepoabdome/sslCerts/119c96be79bc9677dd96de65eb8b2a1f497bda81",
            "instance": "pepoabdome",
            "private_key": "-----BEGIN RSA PRIVATE KEY-----\nMIIEogIBAAKCAQEAmuYjNvGA9xFdQE5hTsD+L52pHLKqa50TB/2McFg6L0U7i41B\nV/kn7NxUCrmU8XlmC4IFYERVc11UQZ5Z9ndVzUb458wyOyOQpbx+Tcjhe7SzEo85\nRwt9WIMGsqXQCcGtmVLwtRDCeG89b/j/odDMTX99Ju6OdOou+/G+/ETENh9WkP9c\nK1yEInwoOSTIShu4Kjm+QC6H2DkcnE8ZpjeeDWa4tbeUNqkUJd/s/RM/gRlNrPC/\nFU2lKg6tBGwFqJXodcY3blpcgbYXHMyty/5XchBEe6GraNjK/3KKWN2AdjNZ13cd\n5E0DQBVNl0a3E1/WoRTB8yNoQcvhmDfR5F4XtQIDAQABAoIBAHTO6W1MbzFhcc3F\njZHC7avgm5+dh/BA8hILfLVXgwEUl1OkQMtjg10VxXaU/iGep3o0IXO39CxcC+az\n0CmRUi3LwHWkQZjhN/oTi7eCra8I1CVBxjKyEmMF464iZiCFYjEGH6ibK9uAH3dp\n8PQIrZgfdLRAH0NBOg8Z/SjlfoVEq7jV/y9bZ9LuH0BNl8JHmEwU+OigRfjNhope\n3OMNbdmBOsZKqVsGwQBo1EnEbzWSUnobe/xEgIc5GLTnvllhhscHSpLvO2XcMNCg\nxGDayEalvJG3t4FHmbEBa4xLPqtFzL9qb5ah3LCFVrKpIFsdfMoz0WA1Dp7HUvKu\n1UBvxiECgYEA4rUvLHBsTAtg4ur/hTz646TLGGN5h9UBkTgodaFrMVUmxHnHDt3f\nz2P9XAW72VV4LJyBeV0rnx9AX6yZ6ww/GWw1wHQf3sPV+J4FAMuXlxvMHF/0NWku\nMVON9OCzY+qkvSLCobPs/UR3orcavWdYG4WM8u4CqkCgy4cqNEtUodkCgYEArum7\nubPUD00jpADnBiqZu7H6izVAs3z+7kByylHqn99Waw4a0o0JQGkXMkyDG6Fjb29k\n8roSp9h6pU89hm/Faob5/6ZxeEVqxKzdAHKpHyzSNM1JkvsQ57W/9WDXEPHJbPH/\nss5t+1SyKIrGhSBTq4HNC+keE03hBN54xjfEXz0CgYB3h8QZkCTpa05oFjMnEuHN\nSMP0Ve5r2bj70joy2yrjVdwc14BGrGEmvbeF31gN3OyByPrS/HbVbOrKBv0YWtqi\nEtW8ZP2wvFyCuv40TyPb/kH96/Gcf5plU4KTTC4JTlwRhNRN4cngN0tEtXoZxvVD\nfYS1SRyKm4ysAtYTwGwc8QKBgAr+9qY9/97WYp80z1E77F44Wh/WQTMHcJ9Zvd2q\nOK3ERJKGWHlUFHjQIn0vAi8CflXLEvWPbQzQNyWdTajd7fM8eQrxU8DT3Fpw45Pb\noXYsQyq+nRl4Xx+x9VdftyWBjcAjloePIqriMDEMSF6mIZxulI1jIljkVHkR41XS\nu62hAoGAGct+j2/oaAmQk1w2BlWV7oFps84gWX0yVUNKJlf84+x8ZPfqK0ybs7s4\nRkx9alZ2T9qzWHfPJso0DjMiWO6hFJ/Tv+t9j5Xciia7CNHOZ1CIZdo7g2u0YTSY\nloUMhptp+NVi9Gjw7vxz3rhYWvZJUYh9XHqvl+T+6B/SmHCNkhs=\n-----END RSA PRIVATE KEY-----",
            "project": "delta-spark-385615",
            "server_ca_cert": "-----BEGIN CERTIFICATE-----\nMIIDfzCCAmegAwIBAgIBADANBgkqhkiG9w0BAQsFADB3MS0wKwYDVQQuEyRiOTM4\nYmNhYy00MjAzLTQ4MzAtYmE2My03NmM0N2MxOGZhYjAxIzAhBgNVBAMTGkdvb2ds\nZSBDbG91ZCBTUUwgU2VydmVyIENBMRQwEgYDVQQKEwtHb29nbGUsIEluYzELMAkG\nA1UEBhMCVVMwHhcNMjMwNzI5MDE0NjQyWhcNMzMwNzI2MDE0NzQyWjB3MS0wKwYD\nVQQuEyRiOTM4YmNhYy00MjAzLTQ4MzAtYmE2My03NmM0N2MxOGZhYjAxIzAhBgNV\nBAMTGkdvb2dsZSBDbG91ZCBTUUwgU2VydmVyIENBMRQwEgYDVQQKEwtHb29nbGUs\nIEluYzELMAkGA1UEBhMCVVMwggEiMA0GCSqGSIb3DQEBAQUAA4IBDwAwggEKAoIB\nAQCLYnXiPIsQzW+s1WucTWufJ8+mpmt4VwBGEs1qtFooy2oa14nrSJtvw1/TeY/7\nCMVq5ZNKi1J2kpLQZJZ9oBfEyHzTUJNovZhrY13QdnkTPG0B1QQgA1rttbybzpIy\n5lzt5d35HoPzoPOY1rsNENixeCB54GuQRptiTx5sJGbQOTbnQWvpim/ai6xLt/aG\numKz9fhreOPU8BQu/H5642RpVes2qr77Wob17h5FJNuwPA2/e6tpsv/Xw9BZKTWX\n+uyMePajrqwdDKZRR1v5n0PReSRoZ3UC/CKQeERPAqz+IuCD8J2UONgP+iGmwUxX\nZqgVzRtqwuM8wpdo5gcm48mbAgMBAAGjFjAUMBIGA1UdEwEB/wQIMAYBAf8CAQAw\nDQYJKoZIhvcNAQELBQADggEBAB8T9lqtE2wGK1lf6yoO/RSh7dvuffOCBt9K5eeS\nLqtefPgOI0ShgWWvP2P7u/1OWX8HBmMKy2dovIKJRVKXUDICELdB4YJ/IbrIIORV\nXtyy4TdEsfsYSjGfRjKiDslBqoCZV/ibFZsw4U1g4u2kFGupbIGqoXqvtxltBX6J\nfVpj/K/CYWdhimjXEgBdKwYolhmNwCU1oAL5YryztubTUziheg3Xs7BoavgLW5+2\nPodAyI/XhWKsb9YSNNnDbdP8NKZv+dCwhFWNGwA0xgzkUjORbMPLlXKpFI4W2CEK\n8+fE4P+y7aWZ8Khgu6tToDMo0ntBoHdBrKl0SCs+2ZiodDQ=\n-----END CERTIFICATE-----",
            "sha1_fingerprint": "119c96be79bc9677dd96de65eb8b2a1f497bda81",
            "timeouts": null
          },
          "sensitive_attributes": [],
          "private": "eyJlMmJmYjczMC1lY2FhLTExZTYtOGY4OC0zNDM2M2JjN2M0YzAiOnsiY3JlYXRlIjo2MDAwMDAwMDAwMDAsImRlbGV0ZSI6NjAwMDAwMDAwMDAwfSwic2NoZW1hX3ZlcnNpb24iOiIxIn0=",
          "dependencies": [
            "google_sql_database_instance.main"
          ]
        }
      ]
    },
    {
      "mode": "managed",
      "type": "google_sql_user",
      "name": "users",
      "provider": "provider[\"registry.terraform.io/hashicorp/google\"]",
      "instances": [
        {
          "schema_version": 1,
          "attributes": {
            "deletion_policy": null,
            "host": "",
            "id": "pepo//pepoabdome",
            "instance": "pepoabdome",
            "name": "pepo",
            "password": "pepo",
            "password_policy": [],
            "project": "delta-spark-385615",
            "sql_server_user_details": [],
            "timeouts": null,
            "type": ""
          },
          "sensitive_attributes": [],
          "private": "eyJlMmJmYjczMC1lY2FhLTExZTYtOGY4OC0zNDM2M2JjN2M0YzAiOnsiY3JlYXRlIjo2MDAwMDAwMDAwMDAsImRlbGV0ZSI6NjAwMDAwMDAwMDAwLCJ1cGRhdGUiOjYwMDAwMDAwMDAwMH0sInNjaGVtYV92ZXJzaW9uIjoiMSJ9",
          "dependencies": [
            "google_sql_database_instance.main"
          ]
        }
      ]
    },
    {
      "mode": "managed",
      "type": "google_storage_bucket",
      "name": "bucket",
      "provider": "provider[\"registry.terraform.io/hashicorp/google\"]",
      "instances": [
        {
          "schema_version": 0,
          "attributes": {
            "autoclass": [],
            "cors": [],
            "custom_placement_config": [],
            "default_event_based_hold": false,
            "encryption": [],
            "force_destroy": true,
            "id": "mlflow_bucket_abdo_yousef",
            "labels": {},
            "lifecycle_rule": [],
            "location": "US",
            "logging": [],
            "name": "mlflow_bucket_abdo_yousef",
            "project": "delta-spark-385615",
            "public_access_prevention": "inherited",
            "requester_pays": false,
            "retention_policy": [],
            "self_link": "https://www.googleapis.com/storage/v1/b/mlflow_bucket_abdo_yousef",
            "storage_class": "STANDARD",
            "timeouts": null,
            "uniform_bucket_level_access": false,
            "url": "gs://mlflow_bucket_abdo_yousef",
            "versioning": [],
            "website": []
          },
          "sensitive_attributes": [],
          "private": "eyJlMmJmYjczMC1lY2FhLTExZTYtOGY4OC0zNDM2M2JjN2M0YzAiOnsiY3JlYXRlIjo2MDAwMDAwMDAwMDAsInJlYWQiOjI0MDAwMDAwMDAwMCwidXBkYXRlIjoyNDAwMDAwMDAwMDB9fQ=="
        }
      ]
    },
    {
      "mode": "managed",
      "type": "google_storage_bucket_iam_binding",
      "name": "binding",
      "provider": "provider[\"registry.terraform.io/hashicorp/google\"]",
      "instances": [
        {
          "schema_version": 0,
          "attributes": {
            "bucket": "b/mlflow_bucket_abdo_yousef",
            "condition": [],
            "etag": "CAI=",
            "id": "b/mlflow_bucket_abdo_yousef/roles/storage.admin",
            "members": [
              "serviceAccount:terraform@delta-spark-385615.iam.gserviceaccount.com"
            ],
            "role": "roles/storage.admin"
          },
          "sensitive_attributes": [],
          "private": "bnVsbA==",
          "dependencies": [
            "google_storage_bucket.bucket"
          ]
        }
      ]
    },
    {
      "mode": "managed",
      "type": "local_file",
      "name": "client-cert",
      "provider": "provider[\"registry.terraform.io/hashicorp/local\"]",
      "instances": [
        {
          "schema_version": 0,
          "attributes": {
            "content": "-----BEGIN CERTIFICATE-----\nMIIDejCCAmKgAwIBAgIEejkwRzANBgkqhkiG9w0BAQsFADB8MS0wKwYDVQQuEyQw\nMmIzNDAyYS00YThkLTQ1ZGQtYjc5ZS1mMjY0YTI5YzliMDgxKDAmBgNVBAMTH0dv\nb2dsZSBDbG91ZCBTUUwgQ2xpZW50IENBIHBlcG8xFDASBgNVBAoTC0dvb2dsZSwg\nSW5jMQswCQYDVQQGEwJVUzAeFw0yMzA3MjkwMTUwMDlaFw0zMzA3MjYwMTUxMDla\nMDIxDTALBgNVBAMTBHBlcG8xFDASBgNVBAoTC0dvb2dsZSwgSW5jMQswCQYDVQQG\nEwJVUzCCASIwDQYJKoZIhvcNAQEBBQADggEPADCCAQoCggEBAJrmIzbxgPcRXUBO\nYU7A/i+dqRyyqmudEwf9jHBYOi9FO4uNQVf5J+zcVAq5lPF5ZguCBWBEVXNdVEGe\nWfZ3Vc1G+OfMMjsjkKW8fk3I4Xu0sxKPOUcLfViDBrKl0AnBrZlS8LUQwnhvPW/4\n/6HQzE1/fSbujnTqLvvxvvxExDYfVpD/XCtchCJ8KDkkyEobuCo5vkAuh9g5HJxP\nGaY3ng1muLW3lDapFCXf7P0TP4EZTazwvxVNpSoOrQRsBaiV6HXGN25aXIG2FxzM\nrcv+V3IQRHuhq2jYyv9yiljdgHYzWdd3HeRNA0AVTZdGtxNf1qEUwfMjaEHL4Zg3\n0eReF7UCAwEAAaNOMEwwCQYDVR0TBAIwADA/BgNVHREEODA2gTR0ZXJyYWZvcm1A\nZGVsdGEtc3BhcmstMzg1NjE1LmlhbS5nc2VydmljZWFjY291bnQuY29tMA0GCSqG\nSIb3DQEBCwUAA4IBAQALLNE5J5N/zgPD7qQmorEBNq90v1L4vbYHSOl7AnWsKDTs\nhLoR8qr/HrRflbCNMmOiP1igQ32BZ0wGkJQOXNUglhNdvzJ0W73I2vX9jnqSvoXs\nCHfNa8Qi1OicFwLMFVeRp2TyBxmHTpZJAhaUUjrBBG+IjW9TZXXQcGvpPDtdiCYp\n1eh22iyFl32bT43pTI+4cTR/XYpRi56VXY9ydEtQu4pgYJ56NJJDcQtdLpPfqL7V\ngeBrrKCk5MuRSV289mKrqQINad1ZQvRDApgVoYq7bMQ41+EKBZ3MsPn/zuFR2W/X\nbawhCX3KmmWvda9KBUiSQnEIfSyNr74QNGKdRlK2\n-----END CERTIFICATE-----",
            "content_base64": null,
            "content_base64sha256": "ERB9HVoWOkEXLaOgfnyCbfQ42fRjnY/rY4nkJ8PVa6A=",
            "content_base64sha512": "YU4Ln/NBHmxN7o/lu2M9ofQuzZiQ473dQ1PZNV0SPBKWsYq5xsaTJQSF3Bvjrk7RYyfudsMlp10kPDJ8srDS7g==",
            "content_md5": "80cc9a638c0f8a426e15c2abae3d6ae6",
            "content_sha1": "227a08eb3930826fb1dae15a917b8c913d2bca12",
            "content_sha256": "11107d1d5a163a41172da3a07e7c826df438d9f4639d8feb6389e427c3d56ba0",
            "content_sha512": "614e0b9ff3411e6c4dee8fe5bb633da1f42ecd9890e3bddd4353d9355d123c1296b18ab9c6c693250485dc1be3ae4ed16327ee76c325a75d243c327cb2b0d2ee",
            "directory_permission": "0777",
            "file_permission": "0777",
            "filename": "client-cert.pem",
            "id": "227a08eb3930826fb1dae15a917b8c913d2bca12",
            "sensitive_content": null,
            "source": null
          },
          "sensitive_attributes": [],
          "dependencies": [
            "google_sql_database_instance.main",
            "google_sql_ssl_cert.client_cert"
          ]
        }
      ]
    },
    {
      "mode": "managed",
      "type": "local_file",
      "name": "private_key",
      "provider": "provider[\"registry.terraform.io/hashicorp/local\"]",
      "instances": [
        {
          "schema_version": 0,
          "attributes": {
            "content": "-----BEGIN RSA PRIVATE KEY-----\nMIIEogIBAAKCAQEAmuYjNvGA9xFdQE5hTsD+L52pHLKqa50TB/2McFg6L0U7i41B\nV/kn7NxUCrmU8XlmC4IFYERVc11UQZ5Z9ndVzUb458wyOyOQpbx+Tcjhe7SzEo85\nRwt9WIMGsqXQCcGtmVLwtRDCeG89b/j/odDMTX99Ju6OdOou+/G+/ETENh9WkP9c\nK1yEInwoOSTIShu4Kjm+QC6H2DkcnE8ZpjeeDWa4tbeUNqkUJd/s/RM/gRlNrPC/\nFU2lKg6tBGwFqJXodcY3blpcgbYXHMyty/5XchBEe6GraNjK/3KKWN2AdjNZ13cd\n5E0DQBVNl0a3E1/WoRTB8yNoQcvhmDfR5F4XtQIDAQABAoIBAHTO6W1MbzFhcc3F\njZHC7avgm5+dh/BA8hILfLVXgwEUl1OkQMtjg10VxXaU/iGep3o0IXO39CxcC+az\n0CmRUi3LwHWkQZjhN/oTi7eCra8I1CVBxjKyEmMF464iZiCFYjEGH6ibK9uAH3dp\n8PQIrZgfdLRAH0NBOg8Z/SjlfoVEq7jV/y9bZ9LuH0BNl8JHmEwU+OigRfjNhope\n3OMNbdmBOsZKqVsGwQBo1EnEbzWSUnobe/xEgIc5GLTnvllhhscHSpLvO2XcMNCg\nxGDayEalvJG3t4FHmbEBa4xLPqtFzL9qb5ah3LCFVrKpIFsdfMoz0WA1Dp7HUvKu\n1UBvxiECgYEA4rUvLHBsTAtg4ur/hTz646TLGGN5h9UBkTgodaFrMVUmxHnHDt3f\nz2P9XAW72VV4LJyBeV0rnx9AX6yZ6ww/GWw1wHQf3sPV+J4FAMuXlxvMHF/0NWku\nMVON9OCzY+qkvSLCobPs/UR3orcavWdYG4WM8u4CqkCgy4cqNEtUodkCgYEArum7\nubPUD00jpADnBiqZu7H6izVAs3z+7kByylHqn99Waw4a0o0JQGkXMkyDG6Fjb29k\n8roSp9h6pU89hm/Faob5/6ZxeEVqxKzdAHKpHyzSNM1JkvsQ57W/9WDXEPHJbPH/\nss5t+1SyKIrGhSBTq4HNC+keE03hBN54xjfEXz0CgYB3h8QZkCTpa05oFjMnEuHN\nSMP0Ve5r2bj70joy2yrjVdwc14BGrGEmvbeF31gN3OyByPrS/HbVbOrKBv0YWtqi\nEtW8ZP2wvFyCuv40TyPb/kH96/Gcf5plU4KTTC4JTlwRhNRN4cngN0tEtXoZxvVD\nfYS1SRyKm4ysAtYTwGwc8QKBgAr+9qY9/97WYp80z1E77F44Wh/WQTMHcJ9Zvd2q\nOK3ERJKGWHlUFHjQIn0vAi8CflXLEvWPbQzQNyWdTajd7fM8eQrxU8DT3Fpw45Pb\noXYsQyq+nRl4Xx+x9VdftyWBjcAjloePIqriMDEMSF6mIZxulI1jIljkVHkR41XS\nu62hAoGAGct+j2/oaAmQk1w2BlWV7oFps84gWX0yVUNKJlf84+x8ZPfqK0ybs7s4\nRkx9alZ2T9qzWHfPJso0DjMiWO6hFJ/Tv+t9j5Xciia7CNHOZ1CIZdo7g2u0YTSY\nloUMhptp+NVi9Gjw7vxz3rhYWvZJUYh9XHqvl+T+6B/SmHCNkhs=\n-----END RSA PRIVATE KEY-----",
            "content_base64": null,
            "content_base64sha256": "XkEvqhkKbg5hlxjxOwMpSdOdX9reGqP47IStiad1XGQ=",
            "content_base64sha512": "GQmG0biN22v5dfKHvCPgDFl8/KNL4soAblm+aQLTovcIX0o2ILGFVa6vS0q4NrTygGh5aPSsnagT44cS7M3bkg==",
            "content_md5": "560f59047eb107a717d1415c1643fb99",
            "content_sha1": "a4f3fde0de02833e65e9089f9d3510d2a5ac7ce0",
            "content_sha256": "5e412faa190a6e0e619718f13b032949d39d5fdade1aa3f8ec84ad89a7755c64",
            "content_sha512": "190986d1b88ddb6bf975f287bc23e00c597cfca34be2ca006e59be6902d3a2f7085f4a3620b18555aeaf4b4ab836b4f280687968f4ac9da813e38712eccddb92",
            "directory_permission": "0777",
            "file_permission": "0777",
            "filename": "client-key.pem",
            "id": "a4f3fde0de02833e65e9089f9d3510d2a5ac7ce0",
            "sensitive_content": null,
            "source": null
          },
          "sensitive_attributes": [
            [
              {
                "type": "get_attr",
                "value": "content"
              }
            ]
          ],
          "dependencies": [
            "google_sql_database_instance.main",
            "google_sql_ssl_cert.client_cert"
          ]
        }
      ]
    },
    {
      "mode": "managed",
      "type": "local_file",
      "name": "server-ca-cert",
      "provider": "provider[\"registry.terraform.io/hashicorp/local\"]",
      "instances": [
        {
          "schema_version": 0,
          "attributes": {
            "content": "-----BEGIN CERTIFICATE-----\nMIIDfzCCAmegAwIBAgIBADANBgkqhkiG9w0BAQsFADB3MS0wKwYDVQQuEyRiOTM4\nYmNhYy00MjAzLTQ4MzAtYmE2My03NmM0N2MxOGZhYjAxIzAhBgNVBAMTGkdvb2ds\nZSBDbG91ZCBTUUwgU2VydmVyIENBMRQwEgYDVQQKEwtHb29nbGUsIEluYzELMAkG\nA1UEBhMCVVMwHhcNMjMwNzI5MDE0NjQyWhcNMzMwNzI2MDE0NzQyWjB3MS0wKwYD\nVQQuEyRiOTM4YmNhYy00MjAzLTQ4MzAtYmE2My03NmM0N2MxOGZhYjAxIzAhBgNV\nBAMTGkdvb2dsZSBDbG91ZCBTUUwgU2VydmVyIENBMRQwEgYDVQQKEwtHb29nbGUs\nIEluYzELMAkGA1UEBhMCVVMwggEiMA0GCSqGSIb3DQEBAQUAA4IBDwAwggEKAoIB\nAQCLYnXiPIsQzW+s1WucTWufJ8+mpmt4VwBGEs1qtFooy2oa14nrSJtvw1/TeY/7\nCMVq5ZNKi1J2kpLQZJZ9oBfEyHzTUJNovZhrY13QdnkTPG0B1QQgA1rttbybzpIy\n5lzt5d35HoPzoPOY1rsNENixeCB54GuQRptiTx5sJGbQOTbnQWvpim/ai6xLt/aG\numKz9fhreOPU8BQu/H5642RpVes2qr77Wob17h5FJNuwPA2/e6tpsv/Xw9BZKTWX\n+uyMePajrqwdDKZRR1v5n0PReSRoZ3UC/CKQeERPAqz+IuCD8J2UONgP+iGmwUxX\nZqgVzRtqwuM8wpdo5gcm48mbAgMBAAGjFjAUMBIGA1UdEwEB/wQIMAYBAf8CAQAw\nDQYJKoZIhvcNAQELBQADggEBAB8T9lqtE2wGK1lf6yoO/RSh7dvuffOCBt9K5eeS\nLqtefPgOI0ShgWWvP2P7u/1OWX8HBmMKy2dovIKJRVKXUDICELdB4YJ/IbrIIORV\nXtyy4TdEsfsYSjGfRjKiDslBqoCZV/ibFZsw4U1g4u2kFGupbIGqoXqvtxltBX6J\nfVpj/K/CYWdhimjXEgBdKwYolhmNwCU1oAL5YryztubTUziheg3Xs7BoavgLW5+2\nPodAyI/XhWKsb9YSNNnDbdP8NKZv+dCwhFWNGwA0xgzkUjORbMPLlXKpFI4W2CEK\n8+fE4P+y7aWZ8Khgu6tToDMo0ntBoHdBrKl0SCs+2ZiodDQ=\n-----END CERTIFICATE-----",
            "content_base64": null,
            "content_base64sha256": "DtmYgibd9YSFRwMXhyEHrMW81s4jPYsSZRnnt/Zsg8E=",
            "content_base64sha512": "H4KvZu22sbY/stb5SQvb88q/miIo0jWoO6hc8KlGGOtfu3Gfwwsy6LJD++X7kByfm+KLPQzE4Ogd2LhwnyO8cw==",
            "content_md5": "4638d068a2694bc88f677c127b9d53ad",
            "content_sha1": "401897136ae3b79b425db96c9acf5bc2e8d30896",
            "content_sha256": "0ed9988226ddf58485470317872107acc5bcd6ce233d8b126519e7b7f66c83c1",
            "content_sha512": "1f82af66edb6b1b63fb2d6f9490bdbf3cabf9a2228d235a83ba85cf0a94618eb5fbb719fc30b32e8b243fbe5fb901c9f9be28b3d0cc4e0e81dd8b8709f23bc73",
            "directory_permission": "0777",
            "file_permission": "0777",
            "filename": "server-ca.pem",
            "id": "401897136ae3b79b425db96c9acf5bc2e8d30896",
            "sensitive_content": null,
            "source": null
          },
          "sensitive_attributes": [],
          "dependencies": [
            "google_sql_database_instance.main",
            "google_sql_ssl_cert.client_cert"
          ]
        }
      ]
    },
    {
      "mode": "managed",
      "type": "null_resource",
      "name": "script",
      "provider": "provider[\"registry.terraform.io/hashicorp/null\"]",
      "instances": [
        {
          "schema_version": 0,
          "attributes": {
            "id": "1107689195538726573",
            "triggers": null
          },
          "sensitive_attributes": []
        }
      ]
    }
  ],
  "check_results": null
}
